{
  "name": "expo-stripe-checkout-sca",
  "version": "0.4.1",
  "lockfileVersion": 1,
  "requires": true,
  "dependencies": {
    "escape-string-regexp": {
      "version": "2.0.0",
      "resolved": "https://registry.npmjs.org/escape-string-regexp/-/escape-string-regexp-2.0.0.tgz",
      "integrity": "sha512-UpzcLCXolUWcNu5HtVMHYdXJjArjsF9C0aNnquZYY4uW/Vu0miy5YoWvbV345HauVvcAUnpRuhMMcqTcGOY2+w=="
    },
    "invariant": {
      "version": "2.2.4",
      "resolved": "https://registry.npmjs.org/invariant/-/invariant-2.2.4.tgz",
      "integrity": "sha512-phJfQVBuaJM5raOpJjSfkiD6BpbCE4Ns//LaXl6wGYtUBY83nWS6Rf9tXm2e8VaK60JEjYldbPif/A2B1C2gNA==",
      "requires": {
        "loose-envify": "^1.0.0"
      }
    },
    "js-tokens": {
      "version": "4.0.0",
      "resolved": "https://registry.npmjs.org/js-tokens/-/js-tokens-4.0.0.tgz",
      "integrity": "sha512-RdJUflcE3cUzKiMqQgsCu06FPu9UdIJO0beYbPhHN4k6apgJtifcoCtT9bcxOpYBtpD2kCM6Sbzg4CausW/PKQ=="
    },
    "loose-envify": {
      "version": "1.4.0",
      "resolved": "https://registry.npmjs.org/loose-envify/-/loose-envify-1.4.0.tgz",
      "integrity": "sha512-lyuxPGr/Wfhrlem2CL/UcnUc1zcqKAImBDzukY7Y5F/yQiNdko6+fRLevlw1HgMySw7f611UIY408EtxRSoK3Q==",
      "requires": {
        "js-tokens": "^3.0.0 || ^4.0.0"
      }
    },
    "modal-enhanced-react-native-web": {
      "version": "0.2.0",
      "resolved": "https://registry.npmjs.org/modal-enhanced-react-native-web/-/modal-enhanced-react-native-web-0.2.0.tgz",
      "integrity": "sha512-ZJGTt12wqId068TjHNw0yyHEkTlVrZX+mqtr6hpRchH2v4na/UFxOHz+YF86mJ7+LN20UlqpkYVmKWJPw+CO5Q=="
    },
    "qs": {
      "version": "6.9.1",
      "resolved": "https://registry.npmjs.org/qs/-/qs-6.9.1.tgz",
      "integrity": "sha512-Cxm7/SS/y/Z3MHWSxXb8lIFqgqBowP5JMlTUFyJN88y0SGQhVmZnqFK/PeuMX9LzUyWsqqhNxIyg0jlzq946yA=="
    },
    "react-native-web-webview": {
      "version": "0.2.8",
      "resolved": "https://registry.npmjs.org/react-native-web-webview/-/react-native-web-webview-0.2.8.tgz",
      "integrity": "sha512-4MH32EJj5XMNEBJ0urxxSqAc8JnLQ4Z1djjWQX7S4H6X+Ta5NLmuCnMu99lDcSfPiVTGIr1bN6bhqNdbldc21w==",
      "requires": {
        "qs": "^6.5.1"
      }
    },
    "react-native-webview": {
      "version": "8.0.3",
      "resolved": "https://registry.npmjs.org/react-native-webview/-/react-native-webview-8.0.3.tgz",
      "integrity": "sha512-Uhd3o73HcqiQ0GWxyz5G5+Jkh1dd1A8Kz/rCYHiX/Ctkg3KO9qrZUmzRetq5y9X1+fUH9XJt6+LO3iO/Dxopfw==",
      "requires": {
        "escape-string-regexp": "2.0.0",
        "invariant": "2.2.4"
      }
    }
  }
}
