{
  "name": "expo-stripe-checkout-sca",
  "version": "0.4.0",
  "lockfileVersion": 1,
  "requires": true,
  "dependencies": {
    "modal-enhanced-react-native-web": {
      "version": "0.2.0",
      "resolved": "https://registry.npmjs.org/modal-enhanced-react-native-web/-/modal-enhanced-react-native-web-0.2.0.tgz",
      "integrity": "sha512-ZJGTt12wqId068TjHNw0yyHEkTlVrZX+mqtr6hpRchH2v4na/UFxOHz+YF86mJ7+LN20UlqpkYVmKWJPw+CO5Q=="
    },
    "qs": {
      "version": "6.9.1",
      "resolved": "https://registry.npmjs.org/qs/-/qs-6.9.1.tgz",
      "integrity": "sha512-Cxm7/SS/y/Z3MHWSxXb8lIFqgqBowP5JMlTUFyJN88y0SGQhVmZnqFK/PeuMX9LzUyWsqqhNxIyg0jlzq946yA=="
    },
    "react-native-web-webview": {
      "version": "0.2.8",
      "resolved": "https://registry.npmjs.org/react-native-web-webview/-/react-native-web-webview-0.2.8.tgz",
      "integrity": "sha512-4MH32EJj5XMNEBJ0urxxSqAc8JnLQ4Z1djjWQX7S4H6X+Ta5NLmuCnMu99lDcSfPiVTGIr1bN6bhqNdbldc21w==",
      "requires": {
        "qs": "^6.5.1"
      }
    }
  }
}
